
Microsoft Visual Studio Solution File, Format Version 12.00
# Visual Studio Version 17
VisualStudioVersion = 17.3.32825.248
MinimumVisualStudioVersion = 10.0.40219.1
Project("{FAE04EC0-301F-11D3-BF4B-00C04F79EFBC}") = "Lab.work1", "Lab.work1\Lab.work1.csproj", "{8E06E66C-AE01-4A18-A010-9E9ABBC21AD1}"
EndProject
Project("{FAE04EC0-301F-11D3-BF4B-00C04F79EFBC}") = "Lab.work1.2", "Lab.work1.2\Lab.work1.2.csproj", "{66BFB766-C748-43E9-AC12-66F0D684D240}"
EndProject
Project("{FAE04EC0-301F-11D3-BF4B-00C04F79EFBC}") = "Lab.work1.3", "Lab.work1.3\Lab.work1.3.csproj", "{39EF667D-4265-4C8F-A59E-FA9FA1F8BFC3}"
EndProject
Project("{FAE04EC0-301F-11D3-BF4B-00C04F79EFBC}") = "Lab.Work1.4", "Lab.Work.4\Lab.Work1.4.csproj", "{D5C5B6F6-8C8D-4873-A9FE-2837B9982C3E}"
EndProject
Global
	GlobalSection(SolutionConfigurationPlatforms) = preSolution
		Debug|Any CPU = Debug|Any CPU
		Release|Any CPU = Release|Any CPU
	EndGlobalSection
	GlobalSection(ProjectConfigurationPlatforms) = postSolution
		{8E06E66C-AE01-4A18-A010-9E9ABBC21AD1}.Debug|Any CPU.ActiveCfg = Debug|Any CPU
		{8E06E66C-AE01-4A18-A010-9E9ABBC21AD1}.Debug|Any CPU.Build.0 = Debug|Any CPU
		{8E06E66C-AE01-4A18-A010-9E9ABBC21AD1}.Release|Any CPU.ActiveCfg = Release|Any CPU
		{8E06E66C-AE01-4A18-A010-9E9ABBC21AD1}.Release|Any CPU.Build.0 = Release|Any CPU
		{66BFB766-C748-43E9-AC12-66F0D684D240}.Debug|Any CPU.ActiveCfg = Debug|Any CPU
		{66BFB766-C748-43E9-AC12-66F0D684D240}.Debug|Any CPU.Build.0 = Debug|Any CPU
		{66BFB766-C748-43E9-AC12-66F0D684D240}.Release|Any CPU.ActiveCfg = Release|Any CPU
		{66BFB766-C748-43E9-AC12-66F0D684D240}.Release|Any CPU.Build.0 = Release|Any CPU
		{39EF667D-4265-4C8F-A59E-FA9FA1F8BFC3}.Debug|Any CPU.ActiveCfg = Debug|Any CPU
		{39EF667D-4265-4C8F-A59E-FA9FA1F8BFC3}.Debug|Any CPU.Build.0 = Debug|Any CPU
		{39EF667D-4265-4C8F-A59E-FA9FA1F8BFC3}.Release|Any CPU.ActiveCfg = Release|Any CPU
		{39EF667D-4265-4C8F-A59E-FA9FA1F8BFC3}.Release|Any CPU.Build.0 = Release|Any CPU
		{D5C5B6F6-8C8D-4873-A9FE-2837B9982C3E}.Debug|Any CPU.ActiveCfg = Debug|Any CPU
		{D5C5B6F6-8C8D-4873-A9FE-2837B9982C3E}.Debug|Any CPU.Build.0 = Debug|Any CPU
		{D5C5B6F6-8C8D-4873-A9FE-2837B9982C3E}.Release|Any CPU.ActiveCfg = Release|Any CPU
		{D5C5B6F6-8C8D-4873-A9FE-2837B9982C3E}.Release|Any CPU.Build.0 = Release|Any CPU
	EndGlobalSection
	GlobalSection(SolutionProperties) = preSolution
		HideSolutionNode = FALSE
	EndGlobalSection
	GlobalSection(ExtensibilityGlobals) = postSolution
		SolutionGuid = {101ACF28-D94A-4C5F-B99E-10F85A135FB2}
	EndGlobalSection
EndGlobal
