
Microsoft Visual Studio Solution File, Format Version 12.00
# Visual Studio Version 17
VisualStudioVersion = 17.3.32901.215
MinimumVisualStudioVersion = 10.0.40219.1
Project("{FAE04EC0-301F-11D3-BF4B-00C04F79EFBC}") = "Lab.work.1", "Lab.work.1\Lab.work.1.csproj", "{113C7CD5-9174-4F29-BDA8-18AE3D098C73}"
EndProject
Global
	GlobalSection(SolutionConfigurationPlatforms) = preSolution
		Debug|Any CPU = Debug|Any CPU
		Release|Any CPU = Release|Any CPU
	EndGlobalSection
	GlobalSection(ProjectConfigurationPlatforms) = postSolution
		{113C7CD5-9174-4F29-BDA8-18AE3D098C73}.Debug|Any CPU.ActiveCfg = Debug|Any CPU
		{113C7CD5-9174-4F29-BDA8-18AE3D098C73}.Debug|Any CPU.Build.0 = Debug|Any CPU
		{113C7CD5-9174-4F29-BDA8-18AE3D098C73}.Release|Any CPU.ActiveCfg = Release|Any CPU
		{113C7CD5-9174-4F29-BDA8-18AE3D098C73}.Release|Any CPU.Build.0 = Release|Any CPU
	EndGlobalSection
	GlobalSection(SolutionProperties) = preSolution
		HideSolutionNode = FALSE
	EndGlobalSection
	GlobalSection(ExtensibilityGlobals) = postSolution
		SolutionGuid = {A662A233-BF28-42A9-B585-C0AB98F90305}
	EndGlobalSection
EndGlobal
