
Microsoft Visual Studio Solution File, Format Version 12.00
# Visual Studio Version 17
VisualStudioVersion = 17.3.32929.385
MinimumVisualStudioVersion = 10.0.40219.1
Project("{9A19103F-16F7-4668-BE54-9A1E7A4F7556}") = "Lab.work.1", "Lab.work.1\Lab.work.1.csproj", "{4A6FA974-3C90-462D-A2E1-39846E0C8C81}"
EndProject
Project("{FAE04EC0-301F-11D3-BF4B-00C04F79EFBC}") = "Lab.work.2", "Lab.work.2\Lab.work.2.csproj", "{F79AB7B0-AE3B-4CD1-9283-B04AF5D14EA2}"
EndProject
Project("{FAE04EC0-301F-11D3-BF4B-00C04F79EFBC}") = "Lab.work.3", "Lab.work.3\Lab.work.3.csproj", "{815DBD5B-90F7-444B-AB16-B38D41F2ADBC}"
EndProject
Global
	GlobalSection(SolutionConfigurationPlatforms) = preSolution
		Debug|Any CPU = Debug|Any CPU
		Release|Any CPU = Release|Any CPU
	EndGlobalSection
	GlobalSection(ProjectConfigurationPlatforms) = postSolution
		{4A6FA974-3C90-462D-A2E1-39846E0C8C81}.Debug|Any CPU.ActiveCfg = Debug|Any CPU
		{4A6FA974-3C90-462D-A2E1-39846E0C8C81}.Debug|Any CPU.Build.0 = Debug|Any CPU
		{4A6FA974-3C90-462D-A2E1-39846E0C8C81}.Release|Any CPU.ActiveCfg = Release|Any CPU
		{4A6FA974-3C90-462D-A2E1-39846E0C8C81}.Release|Any CPU.Build.0 = Release|Any CPU
		{F79AB7B0-AE3B-4CD1-9283-B04AF5D14EA2}.Debug|Any CPU.ActiveCfg = Debug|Any CPU
		{F79AB7B0-AE3B-4CD1-9283-B04AF5D14EA2}.Debug|Any CPU.Build.0 = Debug|Any CPU
		{F79AB7B0-AE3B-4CD1-9283-B04AF5D14EA2}.Release|Any CPU.ActiveCfg = Release|Any CPU
		{F79AB7B0-AE3B-4CD1-9283-B04AF5D14EA2}.Release|Any CPU.Build.0 = Release|Any CPU
		{815DBD5B-90F7-444B-AB16-B38D41F2ADBC}.Debug|Any CPU.ActiveCfg = Debug|Any CPU
		{815DBD5B-90F7-444B-AB16-B38D41F2ADBC}.Debug|Any CPU.Build.0 = Debug|Any CPU
		{815DBD5B-90F7-444B-AB16-B38D41F2ADBC}.Release|Any CPU.ActiveCfg = Release|Any CPU
		{815DBD5B-90F7-444B-AB16-B38D41F2ADBC}.Release|Any CPU.Build.0 = Release|Any CPU
	EndGlobalSection
	GlobalSection(SolutionProperties) = preSolution
		HideSolutionNode = FALSE
	EndGlobalSection
	GlobalSection(ExtensibilityGlobals) = postSolution
		SolutionGuid = {1014BE5B-CEE0-4BD8-8F65-4890C17F391F}
	EndGlobalSection
EndGlobal
