
Microsoft Visual Studio Solution File, Format Version 12.00
# Visual Studio Version 17
VisualStudioVersion = 17.4.33110.190
MinimumVisualStudioVersion = 10.0.40219.1
Project("{FAE04EC0-301F-11D3-BF4B-00C04F79EFBC}") = "Lab.work.1", "Lab.work.1\Lab.work.1.csproj", "{B52DAE63-197A-42E3-94E9-6B735C10F9FF}"
EndProject
Global
	GlobalSection(SolutionConfigurationPlatforms) = preSolution
		Debug|Any CPU = Debug|Any CPU
		Release|Any CPU = Release|Any CPU
	EndGlobalSection
	GlobalSection(ProjectConfigurationPlatforms) = postSolution
		{B52DAE63-197A-42E3-94E9-6B735C10F9FF}.Debug|Any CPU.ActiveCfg = Debug|Any CPU
		{B52DAE63-197A-42E3-94E9-6B735C10F9FF}.Debug|Any CPU.Build.0 = Debug|Any CPU
		{B52DAE63-197A-42E3-94E9-6B735C10F9FF}.Release|Any CPU.ActiveCfg = Release|Any CPU
		{B52DAE63-197A-42E3-94E9-6B735C10F9FF}.Release|Any CPU.Build.0 = Release|Any CPU
	EndGlobalSection
	GlobalSection(SolutionProperties) = preSolution
		HideSolutionNode = FALSE
	EndGlobalSection
	GlobalSection(ExtensibilityGlobals) = postSolution
		SolutionGuid = {30A33B84-4269-4456-9B6F-35591877F082}
	EndGlobalSection
EndGlobal
