
Microsoft Visual Studio Solution File, Format Version 12.00
# Visual Studio Version 17
VisualStudioVersion = 17.3.32901.215
MinimumVisualStudioVersion = 10.0.40219.1
Project("{9A19103F-16F7-4668-BE54-9A1E7A4F7556}") = "Lab.work.1", "Lab.work.1\Lab.work.1.csproj", "{631C578D-6762-4BD2-A849-388F2AF5232A}"
EndProject
Project("{9A19103F-16F7-4668-BE54-9A1E7A4F7556}") = "Lab.work.2", "Lab.work.2\Lab.work.2.csproj", "{008A1DF8-4C6D-4BFD-AC6A-3911875C504F}"
EndProject
Project("{FAE04EC0-301F-11D3-BF4B-00C04F79EFBC}") = "Lab.work.3", "Lab.work.3\Lab.work.3.csproj", "{10E0761B-3AE3-4097-8D8C-6E99592D446C}"
EndProject
Global
	GlobalSection(SolutionConfigurationPlatforms) = preSolution
		Debug|Any CPU = Debug|Any CPU
		Release|Any CPU = Release|Any CPU
	EndGlobalSection
	GlobalSection(ProjectConfigurationPlatforms) = postSolution
		{631C578D-6762-4BD2-A849-388F2AF5232A}.Debug|Any CPU.ActiveCfg = Debug|Any CPU
		{631C578D-6762-4BD2-A849-388F2AF5232A}.Debug|Any CPU.Build.0 = Debug|Any CPU
		{631C578D-6762-4BD2-A849-388F2AF5232A}.Release|Any CPU.ActiveCfg = Release|Any CPU
		{631C578D-6762-4BD2-A849-388F2AF5232A}.Release|Any CPU.Build.0 = Release|Any CPU
		{008A1DF8-4C6D-4BFD-AC6A-3911875C504F}.Debug|Any CPU.ActiveCfg = Debug|Any CPU
		{008A1DF8-4C6D-4BFD-AC6A-3911875C504F}.Debug|Any CPU.Build.0 = Debug|Any CPU
		{008A1DF8-4C6D-4BFD-AC6A-3911875C504F}.Release|Any CPU.ActiveCfg = Release|Any CPU
		{008A1DF8-4C6D-4BFD-AC6A-3911875C504F}.Release|Any CPU.Build.0 = Release|Any CPU
		{10E0761B-3AE3-4097-8D8C-6E99592D446C}.Debug|Any CPU.ActiveCfg = Debug|Any CPU
		{10E0761B-3AE3-4097-8D8C-6E99592D446C}.Debug|Any CPU.Build.0 = Debug|Any CPU
		{10E0761B-3AE3-4097-8D8C-6E99592D446C}.Release|Any CPU.ActiveCfg = Release|Any CPU
		{10E0761B-3AE3-4097-8D8C-6E99592D446C}.Release|Any CPU.Build.0 = Release|Any CPU
	EndGlobalSection
	GlobalSection(SolutionProperties) = preSolution
		HideSolutionNode = FALSE
	EndGlobalSection
	GlobalSection(ExtensibilityGlobals) = postSolution
		SolutionGuid = {BFAA7E4D-03A8-4267-8DF4-E929410AA3F5}
	EndGlobalSection
EndGlobal
