
Microsoft Visual Studio Solution File, Format Version 12.00
# Visual Studio Version 17
VisualStudioVersion = 17.3.32825.248
MinimumVisualStudioVersion = 10.0.40219.1
Project("{FAE04EC0-301F-11D3-BF4B-00C04F79EFBC}") = "Lab2", "Lab2\Lab2.csproj", "{18259C04-3095-4060-ADD8-D98CF03BED31}"
EndProject
Project("{FAE04EC0-301F-11D3-BF4B-00C04F79EFBC}") = "work2", "work2\work2.csproj", "{C6FE27C6-7BC0-47EE-B2B8-F6D53D125348}"
EndProject
Project("{FAE04EC0-301F-11D3-BF4B-00C04F79EFBC}") = "work3", "work3\work3.csproj", "{C926715C-AE06-422E-9E55-D8A01E460C06}"
EndProject
Project("{FAE04EC0-301F-11D3-BF4B-00C04F79EFBC}") = "work4", "work4\work4.csproj", "{0480C9CB-3378-4784-9262-60C27C110883}"
EndProject
Global
	GlobalSection(SolutionConfigurationPlatforms) = preSolution
		Debug|Any CPU = Debug|Any CPU
		Release|Any CPU = Release|Any CPU
	EndGlobalSection
	GlobalSection(ProjectConfigurationPlatforms) = postSolution
		{18259C04-3095-4060-ADD8-D98CF03BED31}.Debug|Any CPU.ActiveCfg = Debug|Any CPU
		{18259C04-3095-4060-ADD8-D98CF03BED31}.Debug|Any CPU.Build.0 = Debug|Any CPU
		{18259C04-3095-4060-ADD8-D98CF03BED31}.Release|Any CPU.ActiveCfg = Release|Any CPU
		{18259C04-3095-4060-ADD8-D98CF03BED31}.Release|Any CPU.Build.0 = Release|Any CPU
		{C6FE27C6-7BC0-47EE-B2B8-F6D53D125348}.Debug|Any CPU.ActiveCfg = Debug|Any CPU
		{C6FE27C6-7BC0-47EE-B2B8-F6D53D125348}.Debug|Any CPU.Build.0 = Debug|Any CPU
		{C6FE27C6-7BC0-47EE-B2B8-F6D53D125348}.Release|Any CPU.ActiveCfg = Release|Any CPU
		{C6FE27C6-7BC0-47EE-B2B8-F6D53D125348}.Release|Any CPU.Build.0 = Release|Any CPU
		{C926715C-AE06-422E-9E55-D8A01E460C06}.Debug|Any CPU.ActiveCfg = Debug|Any CPU
		{C926715C-AE06-422E-9E55-D8A01E460C06}.Debug|Any CPU.Build.0 = Debug|Any CPU
		{C926715C-AE06-422E-9E55-D8A01E460C06}.Release|Any CPU.ActiveCfg = Release|Any CPU
		{C926715C-AE06-422E-9E55-D8A01E460C06}.Release|Any CPU.Build.0 = Release|Any CPU
		{0480C9CB-3378-4784-9262-60C27C110883}.Debug|Any CPU.ActiveCfg = Debug|Any CPU
		{0480C9CB-3378-4784-9262-60C27C110883}.Debug|Any CPU.Build.0 = Debug|Any CPU
		{0480C9CB-3378-4784-9262-60C27C110883}.Release|Any CPU.ActiveCfg = Release|Any CPU
		{0480C9CB-3378-4784-9262-60C27C110883}.Release|Any CPU.Build.0 = Release|Any CPU
	EndGlobalSection
	GlobalSection(SolutionProperties) = preSolution
		HideSolutionNode = FALSE
	EndGlobalSection
	GlobalSection(ExtensibilityGlobals) = postSolution
		SolutionGuid = {89A7DE6C-334E-4163-8EFB-555009030F81}
	EndGlobalSection
EndGlobal
