
Microsoft Visual Studio Solution File, Format Version 12.00
# Visual Studio Version 17
VisualStudioVersion = 17.3.32901.215
MinimumVisualStudioVersion = 10.0.40219.1
Project("{FAE04EC0-301F-11D3-BF4B-00C04F79EFBC}") = "Lab.work.1", "Lab.work.1\Lab.work.1.csproj", "{E5722C4D-8640-4487-A0A1-97890E2CE152}"
EndProject
Project("{FAE04EC0-301F-11D3-BF4B-00C04F79EFBC}") = "Lab.work.2", "Lab.work.2\Lab.work.2.csproj", "{20B082ED-FFAC-4435-BA02-B145073E52CD}"
EndProject
Project("{FAE04EC0-301F-11D3-BF4B-00C04F79EFBC}") = "Lab.work.3", "Lab.work.3\Lab.work.3.csproj", "{E22B6C04-B4AC-412D-8BD3-253458B975A7}"
EndProject
Project("{FAE04EC0-301F-11D3-BF4B-00C04F79EFBC}") = "Lab.work.4", "Lab.work.4\Lab.work.4.csproj", "{E8D10E62-DA50-409D-A040-916578015E5E}"
EndProject
Global
	GlobalSection(SolutionConfigurationPlatforms) = preSolution
		Debug|Any CPU = Debug|Any CPU
		Release|Any CPU = Release|Any CPU
	EndGlobalSection
	GlobalSection(ProjectConfigurationPlatforms) = postSolution
		{E5722C4D-8640-4487-A0A1-97890E2CE152}.Debug|Any CPU.ActiveCfg = Debug|Any CPU
		{E5722C4D-8640-4487-A0A1-97890E2CE152}.Debug|Any CPU.Build.0 = Debug|Any CPU
		{E5722C4D-8640-4487-A0A1-97890E2CE152}.Release|Any CPU.ActiveCfg = Release|Any CPU
		{E5722C4D-8640-4487-A0A1-97890E2CE152}.Release|Any CPU.Build.0 = Release|Any CPU
		{20B082ED-FFAC-4435-BA02-B145073E52CD}.Debug|Any CPU.ActiveCfg = Debug|Any CPU
		{20B082ED-FFAC-4435-BA02-B145073E52CD}.Debug|Any CPU.Build.0 = Debug|Any CPU
		{20B082ED-FFAC-4435-BA02-B145073E52CD}.Release|Any CPU.ActiveCfg = Release|Any CPU
		{20B082ED-FFAC-4435-BA02-B145073E52CD}.Release|Any CPU.Build.0 = Release|Any CPU
		{E22B6C04-B4AC-412D-8BD3-253458B975A7}.Debug|Any CPU.ActiveCfg = Debug|Any CPU
		{E22B6C04-B4AC-412D-8BD3-253458B975A7}.Debug|Any CPU.Build.0 = Debug|Any CPU
		{E22B6C04-B4AC-412D-8BD3-253458B975A7}.Release|Any CPU.ActiveCfg = Release|Any CPU
		{E22B6C04-B4AC-412D-8BD3-253458B975A7}.Release|Any CPU.Build.0 = Release|Any CPU
		{E8D10E62-DA50-409D-A040-916578015E5E}.Debug|Any CPU.ActiveCfg = Debug|Any CPU
		{E8D10E62-DA50-409D-A040-916578015E5E}.Debug|Any CPU.Build.0 = Debug|Any CPU
		{E8D10E62-DA50-409D-A040-916578015E5E}.Release|Any CPU.ActiveCfg = Release|Any CPU
		{E8D10E62-DA50-409D-A040-916578015E5E}.Release|Any CPU.Build.0 = Release|Any CPU
	EndGlobalSection
	GlobalSection(SolutionProperties) = preSolution
		HideSolutionNode = FALSE
	EndGlobalSection
	GlobalSection(ExtensibilityGlobals) = postSolution
		SolutionGuid = {67C0B9E8-A57E-4589-9F1D-29C4551F3C08}
	EndGlobalSection
EndGlobal
