
Microsoft Visual Studio Solution File, Format Version 12.00
# Visual Studio Version 17
VisualStudioVersion = 17.3.32901.215
MinimumVisualStudioVersion = 10.0.40219.1
Project("{FAE04EC0-301F-11D3-BF4B-00C04F79EFBC}") = "Lab.work.1", "Lab.work.1\Lab.work.1.csproj", "{B15B8579-9BEE-4C73-BD30-C5E150D15A1F}"
EndProject
Global
	GlobalSection(SolutionConfigurationPlatforms) = preSolution
		Debug|Any CPU = Debug|Any CPU
		Release|Any CPU = Release|Any CPU
	EndGlobalSection
	GlobalSection(ProjectConfigurationPlatforms) = postSolution
		{B15B8579-9BEE-4C73-BD30-C5E150D15A1F}.Debug|Any CPU.ActiveCfg = Debug|Any CPU
		{B15B8579-9BEE-4C73-BD30-C5E150D15A1F}.Debug|Any CPU.Build.0 = Debug|Any CPU
		{B15B8579-9BEE-4C73-BD30-C5E150D15A1F}.Release|Any CPU.ActiveCfg = Release|Any CPU
		{B15B8579-9BEE-4C73-BD30-C5E150D15A1F}.Release|Any CPU.Build.0 = Release|Any CPU
	EndGlobalSection
	GlobalSection(SolutionProperties) = preSolution
		HideSolutionNode = FALSE
	EndGlobalSection
	GlobalSection(ExtensibilityGlobals) = postSolution
		SolutionGuid = {E866C5CB-2F07-414B-9074-997B2E849C20}
	EndGlobalSection
EndGlobal
