
Microsoft Visual Studio Solution File, Format Version 12.00
# Visual Studio Version 17
VisualStudioVersion = 17.3.32901.215
MinimumVisualStudioVersion = 10.0.40219.1
Project("{FAE04EC0-301F-11D3-BF4B-00C04F79EFBC}") = "Lab.work.1", "Lab.work.1\Lab.work.1.csproj", "{062425B8-92A7-439C-9171-654ACAECB703}"
EndProject
Project("{FAE04EC0-301F-11D3-BF4B-00C04F79EFBC}") = "Lab.work.2", "Lab.work.2\Lab.work.2.csproj", "{6303DCFF-B0E7-4DEC-8137-528C4E7D0830}"
EndProject
Global
	GlobalSection(SolutionConfigurationPlatforms) = preSolution
		Debug|Any CPU = Debug|Any CPU
		Release|Any CPU = Release|Any CPU
	EndGlobalSection
	GlobalSection(ProjectConfigurationPlatforms) = postSolution
		{062425B8-92A7-439C-9171-654ACAECB703}.Debug|Any CPU.ActiveCfg = Debug|Any CPU
		{062425B8-92A7-439C-9171-654ACAECB703}.Debug|Any CPU.Build.0 = Debug|Any CPU
		{062425B8-92A7-439C-9171-654ACAECB703}.Release|Any CPU.ActiveCfg = Release|Any CPU
		{062425B8-92A7-439C-9171-654ACAECB703}.Release|Any CPU.Build.0 = Release|Any CPU
		{6303DCFF-B0E7-4DEC-8137-528C4E7D0830}.Debug|Any CPU.ActiveCfg = Debug|Any CPU
		{6303DCFF-B0E7-4DEC-8137-528C4E7D0830}.Debug|Any CPU.Build.0 = Debug|Any CPU
		{6303DCFF-B0E7-4DEC-8137-528C4E7D0830}.Release|Any CPU.ActiveCfg = Release|Any CPU
		{6303DCFF-B0E7-4DEC-8137-528C4E7D0830}.Release|Any CPU.Build.0 = Release|Any CPU
	EndGlobalSection
	GlobalSection(SolutionProperties) = preSolution
		HideSolutionNode = FALSE
	EndGlobalSection
	GlobalSection(ExtensibilityGlobals) = postSolution
		SolutionGuid = {65272FC1-DC65-4EED-B891-82D80D523EC0}
	EndGlobalSection
EndGlobal
