
Microsoft Visual Studio Solution File, Format Version 12.00
# Visual Studio Version 17
VisualStudioVersion = 17.3.32901.215
MinimumVisualStudioVersion = 10.0.40219.1
Project("{FAE04EC0-301F-11D3-BF4B-00C04F79EFBC}") = "Lab.work.1", "Lab.work.1\Lab.work.1.csproj", "{52716CF7-2E16-4F1D-9F37-0283CF5683EE}"
EndProject
Project("{FAE04EC0-301F-11D3-BF4B-00C04F79EFBC}") = "Lab.work.2", "Lab.work.2\Lab.work.2.csproj", "{C2F860AE-E197-4371-8134-2109AFB95EA7}"
EndProject
Global
	GlobalSection(SolutionConfigurationPlatforms) = preSolution
		Debug|Any CPU = Debug|Any CPU
		Release|Any CPU = Release|Any CPU
	EndGlobalSection
	GlobalSection(ProjectConfigurationPlatforms) = postSolution
		{52716CF7-2E16-4F1D-9F37-0283CF5683EE}.Debug|Any CPU.ActiveCfg = Debug|Any CPU
		{52716CF7-2E16-4F1D-9F37-0283CF5683EE}.Debug|Any CPU.Build.0 = Debug|Any CPU
		{52716CF7-2E16-4F1D-9F37-0283CF5683EE}.Release|Any CPU.ActiveCfg = Release|Any CPU
		{52716CF7-2E16-4F1D-9F37-0283CF5683EE}.Release|Any CPU.Build.0 = Release|Any CPU
		{C2F860AE-E197-4371-8134-2109AFB95EA7}.Debug|Any CPU.ActiveCfg = Debug|Any CPU
		{C2F860AE-E197-4371-8134-2109AFB95EA7}.Debug|Any CPU.Build.0 = Debug|Any CPU
		{C2F860AE-E197-4371-8134-2109AFB95EA7}.Release|Any CPU.ActiveCfg = Release|Any CPU
		{C2F860AE-E197-4371-8134-2109AFB95EA7}.Release|Any CPU.Build.0 = Release|Any CPU
	EndGlobalSection
	GlobalSection(SolutionProperties) = preSolution
		HideSolutionNode = FALSE
	EndGlobalSection
	GlobalSection(ExtensibilityGlobals) = postSolution
		SolutionGuid = {B4FEF08D-8EEC-41AF-B06C-81FA1F058CCD}
	EndGlobalSection
EndGlobal
