
Microsoft Visual Studio Solution File, Format Version 12.00
# Visual Studio Version 17
VisualStudioVersion = 17.3.32901.215
MinimumVisualStudioVersion = 10.0.40219.1
Project("{FAE04EC0-301F-11D3-BF4B-00C04F79EFBC}") = "Lab.work.1", "Lab.work.1\Lab.work.1.csproj", "{9295581C-3A52-4951-A21E-F0CD5A85EF49}"
EndProject
Project("{FAE04EC0-301F-11D3-BF4B-00C04F79EFBC}") = "Lab.work.2", "Lab.work.2\Lab.work.2.csproj", "{8617906A-2D96-4B46-AA9B-F1B3E5DF7CD2}"
EndProject
Project("{FAE04EC0-301F-11D3-BF4B-00C04F79EFBC}") = "Lab.work.3", "Lab.work.3\Lab.work.3.csproj", "{E0D9EE1A-1C06-4C03-BC9C-277E221AF069}"
EndProject
Project("{FAE04EC0-301F-11D3-BF4B-00C04F79EFBC}") = "Lab.work.4", "Lab.wwork.4\Lab.work.4.csproj", "{68001E19-2DAC-466F-9C4B-4E89BABDF916}"
EndProject
Global
	GlobalSection(SolutionConfigurationPlatforms) = preSolution
		Debug|Any CPU = Debug|Any CPU
		Release|Any CPU = Release|Any CPU
	EndGlobalSection
	GlobalSection(ProjectConfigurationPlatforms) = postSolution
		{9295581C-3A52-4951-A21E-F0CD5A85EF49}.Debug|Any CPU.ActiveCfg = Debug|Any CPU
		{9295581C-3A52-4951-A21E-F0CD5A85EF49}.Debug|Any CPU.Build.0 = Debug|Any CPU
		{9295581C-3A52-4951-A21E-F0CD5A85EF49}.Release|Any CPU.ActiveCfg = Release|Any CPU
		{9295581C-3A52-4951-A21E-F0CD5A85EF49}.Release|Any CPU.Build.0 = Release|Any CPU
		{8617906A-2D96-4B46-AA9B-F1B3E5DF7CD2}.Debug|Any CPU.ActiveCfg = Debug|Any CPU
		{8617906A-2D96-4B46-AA9B-F1B3E5DF7CD2}.Debug|Any CPU.Build.0 = Debug|Any CPU
		{8617906A-2D96-4B46-AA9B-F1B3E5DF7CD2}.Release|Any CPU.ActiveCfg = Release|Any CPU
		{8617906A-2D96-4B46-AA9B-F1B3E5DF7CD2}.Release|Any CPU.Build.0 = Release|Any CPU
		{E0D9EE1A-1C06-4C03-BC9C-277E221AF069}.Debug|Any CPU.ActiveCfg = Debug|Any CPU
		{E0D9EE1A-1C06-4C03-BC9C-277E221AF069}.Debug|Any CPU.Build.0 = Debug|Any CPU
		{E0D9EE1A-1C06-4C03-BC9C-277E221AF069}.Release|Any CPU.ActiveCfg = Release|Any CPU
		{E0D9EE1A-1C06-4C03-BC9C-277E221AF069}.Release|Any CPU.Build.0 = Release|Any CPU
		{68001E19-2DAC-466F-9C4B-4E89BABDF916}.Debug|Any CPU.ActiveCfg = Debug|Any CPU
		{68001E19-2DAC-466F-9C4B-4E89BABDF916}.Debug|Any CPU.Build.0 = Debug|Any CPU
		{68001E19-2DAC-466F-9C4B-4E89BABDF916}.Release|Any CPU.ActiveCfg = Release|Any CPU
		{68001E19-2DAC-466F-9C4B-4E89BABDF916}.Release|Any CPU.Build.0 = Release|Any CPU
	EndGlobalSection
	GlobalSection(SolutionProperties) = preSolution
		HideSolutionNode = FALSE
	EndGlobalSection
	GlobalSection(ExtensibilityGlobals) = postSolution
		SolutionGuid = {C8EFE6BD-CE0A-4EE6-AEB4-ECDFA50610A6}
	EndGlobalSection
EndGlobal
