
Microsoft Visual Studio Solution File, Format Version 12.00
# Visual Studio Version 17
VisualStudioVersion = 17.3.32929.385
MinimumVisualStudioVersion = 10.0.40219.1
Project("{FAE04EC0-301F-11D3-BF4B-00C04F79EFBC}") = "Lab.work.1", "Lab.work.1\Lab.work.1.csproj", "{13601F66-C81E-46EC-B12C-A0A17A8180CB}"
EndProject
Global
	GlobalSection(SolutionConfigurationPlatforms) = preSolution
		Debug|Any CPU = Debug|Any CPU
		Release|Any CPU = Release|Any CPU
	EndGlobalSection
	GlobalSection(ProjectConfigurationPlatforms) = postSolution
		{13601F66-C81E-46EC-B12C-A0A17A8180CB}.Debug|Any CPU.ActiveCfg = Debug|Any CPU
		{13601F66-C81E-46EC-B12C-A0A17A8180CB}.Debug|Any CPU.Build.0 = Debug|Any CPU
		{13601F66-C81E-46EC-B12C-A0A17A8180CB}.Release|Any CPU.ActiveCfg = Release|Any CPU
		{13601F66-C81E-46EC-B12C-A0A17A8180CB}.Release|Any CPU.Build.0 = Release|Any CPU
	EndGlobalSection
	GlobalSection(SolutionProperties) = preSolution
		HideSolutionNode = FALSE
	EndGlobalSection
	GlobalSection(ExtensibilityGlobals) = postSolution
		SolutionGuid = {3E590EEE-1C79-4819-9C10-80D62AED6583}
	EndGlobalSection
EndGlobal
