
Microsoft Visual Studio Solution File, Format Version 12.00
# Visual Studio Version 17
VisualStudioVersion = 17.3.32901.215
MinimumVisualStudioVersion = 10.0.40219.1
Project("{FAE04EC0-301F-11D3-BF4B-00C04F79EFBC}") = "Lab.work.1", "Lab.work.1\Lab.work.1.csproj", "{A3C2C08C-9881-4520-938C-30C4353253D2}"
EndProject
Global
	GlobalSection(SolutionConfigurationPlatforms) = preSolution
		Debug|Any CPU = Debug|Any CPU
		Release|Any CPU = Release|Any CPU
	EndGlobalSection
	GlobalSection(ProjectConfigurationPlatforms) = postSolution
		{A3C2C08C-9881-4520-938C-30C4353253D2}.Debug|Any CPU.ActiveCfg = Debug|Any CPU
		{A3C2C08C-9881-4520-938C-30C4353253D2}.Debug|Any CPU.Build.0 = Debug|Any CPU
		{A3C2C08C-9881-4520-938C-30C4353253D2}.Release|Any CPU.ActiveCfg = Release|Any CPU
		{A3C2C08C-9881-4520-938C-30C4353253D2}.Release|Any CPU.Build.0 = Release|Any CPU
	EndGlobalSection
	GlobalSection(SolutionProperties) = preSolution
		HideSolutionNode = FALSE
	EndGlobalSection
	GlobalSection(ExtensibilityGlobals) = postSolution
		SolutionGuid = {1DFD4109-554B-4D59-A2A9-30B1C0A49C18}
	EndGlobalSection
EndGlobal
